{
  "version": 4,
  "terraform_version": "0.12.26",
  "serial": 11,
  "lineage": "600d7c7b-bede-80b5-23e2-ea016664c15b",
  "outputs": {},
  "resources": [
    {
      "mode": "data",
      "type": "archive_file",
      "name": "empty_lambda",
      "provider": "provider.archive",
      "instances": [
        {
          "schema_version": 0,
          "attributes": {
            "excludes": null,
            "id": "8c24f3b90441dcf10d4308dd873623e0564e3a05",
            "output_base64sha256": "Xz3EPgpdLuicCyodq3A/25FGWqOOTHJ89d52YJEHLXk=",
            "output_md5": "c1df26a23092d8fc9040488726089961",
            "output_path": "./empty_lambda.zip",
            "output_sha": "8c24f3b90441dcf10d4308dd873623e0564e3a05",
            "output_size": 171,
            "source": [
              {
                "content": "exports.handler = function() { };",
                "filename": "lambda.js"
              }
            ],
            "source_content": null,
            "source_content_filename": null,
            "source_dir": null,
            "source_file": null,
            "type": "zip"
          }
        }
      ]
    },
    {
      "mode": "data",
      "type": "aws_acm_certificate",
      "name": "wildcard_website",
      "provider": "provider.aws.us-east-1",
      "instances": []
    },
    {
      "mode": "data",
      "type": "aws_route53_zone",
      "name": "main",
      "provider": "provider.aws",
      "instances": [
        {
          "schema_version": 0,
          "attributes": {
            "caller_reference": "37eaf8af-aab6-48dc-a730-fd57cc7cc0a6",
            "comment": "Max Rohde main homepage",
            "id": "Z03397492F5GVX4K2L6I8",
            "linked_service_description": null,
            "linked_service_principal": null,
            "name": "mxro.de.",
            "name_servers": [
              "ns-1774.awsdns-29.co.uk",
              "ns-281.awsdns-35.com",
              "ns-1001.awsdns-61.net",
              "ns-1047.awsdns-02.org"
            ],
            "private_zone": false,
            "resource_record_set_count": 5,
            "tags": {},
            "vpc_id": null,
            "zone_id": "Z03397492F5GVX4K2L6I8"
          }
        }
      ]
    },
    {
      "mode": "managed",
      "type": "aws_acm_certificate",
      "name": "wildcard_website",
      "provider": "provider.aws.us-east-1",
      "instances": [
        {
          "schema_version": 0,
          "attributes": {
            "arn": "arn:aws:acm:us-east-1:444001402733:certificate/3ac4322d-a058-4d06-b1df-6ee0ee983a49",
            "certificate_authority_arn": "",
            "certificate_body": null,
            "certificate_chain": null,
            "domain_name": "mxro.de",
            "domain_validation_options": [
              {
                "domain_name": "mxro.de",
                "resource_record_name": "_9e7e84adfcec65a3ef5a1a8fa0c40ca6.mxro.de.",
                "resource_record_type": "CNAME",
                "resource_record_value": "_f10e4bf0836e9eca073f7f977b8e4df4.xgxxrgwpcb.acm-validations.aws."
              },
              {
                "domain_name": "*.mxro.de",
                "resource_record_name": "_9e7e84adfcec65a3ef5a1a8fa0c40ca6.mxro.de.",
                "resource_record_type": "CNAME",
                "resource_record_value": "_f10e4bf0836e9eca073f7f977b8e4df4.xgxxrgwpcb.acm-validations.aws."
              }
            ],
            "id": "arn:aws:acm:us-east-1:444001402733:certificate/3ac4322d-a058-4d06-b1df-6ee0ee983a49",
            "options": [
              {
                "certificate_transparency_logging_preference": "ENABLED"
              }
            ],
            "private_key": null,
            "status": "PENDING_VALIDATION",
            "subject_alternative_names": [
              "*.mxro.de"
            ],
            "tags": {
              "Changed": "2022-08-20 00:13 UTC",
              "ManagedBy": "terraform"
            },
            "validation_emails": [],
            "validation_method": "DNS"
          },
          "private": "bnVsbA=="
        }
      ]
    },
    {
      "mode": "managed",
      "type": "aws_acm_certificate_validation",
      "name": "wildcard_cert",
      "provider": "provider.aws.us-east-1",
      "instances": []
    },
    {
      "mode": "managed",
      "type": "aws_cloudfront_distribution",
      "name": "website_cdn_redirect",
      "provider": "provider.aws.us-east-1",
      "instances": []
    },
    {
      "mode": "managed",
      "type": "aws_cloudfront_distribution",
      "name": "website_cdn_root",
      "provider": "provider.aws.us-east-1",
      "instances": []
    },
    {
      "mode": "managed",
      "type": "aws_iam_role_policy_attachment",
      "name": "edge_lambda_logs",
      "provider": "provider.aws",
      "instances": []
    },
    {
      "mode": "managed",
      "type": "aws_lambda_function",
      "name": "edge",
      "provider": "provider.aws.us-east-1",
      "instances": []
    },
    {
      "mode": "managed",
      "type": "aws_route53_record",
      "name": "website_cdn_redirect_record",
      "provider": "provider.aws",
      "instances": []
    },
    {
      "mode": "managed",
      "type": "aws_route53_record",
      "name": "website_cdn_root_record",
      "provider": "provider.aws",
      "instances": []
    },
    {
      "mode": "managed",
      "type": "aws_s3_bucket_object",
      "name": "redirect_file",
      "provider": "provider.aws",
      "instances": []
    }
  ]
}
