{
  "version": 4,
  "terraform_version": "0.12.26",
  "serial": 34,
  "lineage": "600d7c7b-bede-80b5-23e2-ea016664c15b",
  "outputs": {
    "edge_function_name": {
      "value": "mxro-de-edge-new",
      "type": "string"
    },
    "website_cdn_root_id": {
      "value": "EN5ECGYX8AHUN",
      "type": "string"
    }
  },
  "resources": [
    {
      "mode": "data",
      "type": "archive_file",
      "name": "empty_lambda",
      "provider": "provider.archive",
      "instances": [
        {
          "schema_version": 0,
          "attributes": {
            "excludes": null,
            "id": "8c24f3b90441dcf10d4308dd873623e0564e3a05",
            "output_base64sha256": "Xz3EPgpdLuicCyodq3A/25FGWqOOTHJ89d52YJEHLXk=",
            "output_md5": "c1df26a23092d8fc9040488726089961",
            "output_path": "./empty_lambda.zip",
            "output_sha": "8c24f3b90441dcf10d4308dd873623e0564e3a05",
            "output_size": 171,
            "source": [
              {
                "content": "exports.handler = function() { };",
                "filename": "lambda.js"
              }
            ],
            "source_content": null,
            "source_content_filename": null,
            "source_dir": null,
            "source_file": null,
            "type": "zip"
          }
        }
      ]
    },
    {
      "mode": "data",
      "type": "aws_acm_certificate",
      "name": "wildcard_website",
      "provider": "provider.aws.us-east-1",
      "instances": [
        {
          "schema_version": 0,
          "attributes": {
            "arn": "arn:aws:acm:us-east-1:444001402733:certificate/4af79b2b-134e-4ecc-942d-6f0120dd4578",
            "domain": "mxro.de",
            "id": "2022-08-20 02:04:59.9419703 +0000 UTC",
            "key_types": null,
            "most_recent": true,
            "statuses": [
              "ISSUED"
            ],
            "tags": {
              "Changed": "2022-08-20 00:06 UTC",
              "ManagedBy": "terraform"
            },
            "types": null
          }
        }
      ]
    },
    {
      "mode": "data",
      "type": "aws_route53_zone",
      "name": "main",
      "provider": "provider.aws",
      "instances": [
        {
          "schema_version": 0,
          "attributes": {
            "caller_reference": "37eaf8af-aab6-48dc-a730-fd57cc7cc0a6",
            "comment": "Max Rohde main homepage",
            "id": "Z03397492F5GVX4K2L6I8",
            "linked_service_description": null,
            "linked_service_principal": null,
            "name": "mxro.de.",
            "name_servers": [
              "ns-1774.awsdns-29.co.uk",
              "ns-281.awsdns-35.com",
              "ns-1001.awsdns-61.net",
              "ns-1047.awsdns-02.org"
            ],
            "private_zone": false,
            "resource_record_set_count": 7,
            "tags": {},
            "vpc_id": null,
            "zone_id": "Z03397492F5GVX4K2L6I8"
          }
        }
      ]
    },
    {
      "mode": "managed",
      "type": "aws_acm_certificate",
      "name": "wildcard_website",
      "provider": "provider.aws.us-east-1",
      "instances": [
        {
          "schema_version": 0,
          "attributes": {
            "arn": "arn:aws:acm:us-east-1:444001402733:certificate/99924d64-7f6d-49dd-b99e-29922753a261",
            "certificate_authority_arn": "",
            "certificate_body": null,
            "certificate_chain": null,
            "domain_name": "mxro.de",
            "domain_validation_options": [
              {
                "domain_name": "mxro.de",
                "resource_record_name": "_9e7e84adfcec65a3ef5a1a8fa0c40ca6.mxro.de.",
                "resource_record_type": "CNAME",
                "resource_record_value": "_f10e4bf0836e9eca073f7f977b8e4df4.xgxxrgwpcb.acm-validations.aws."
              },
              {
                "domain_name": "*.mxro.de",
                "resource_record_name": "_9e7e84adfcec65a3ef5a1a8fa0c40ca6.mxro.de.",
                "resource_record_type": "CNAME",
                "resource_record_value": "_f10e4bf0836e9eca073f7f977b8e4df4.xgxxrgwpcb.acm-validations.aws."
              }
            ],
            "id": "arn:aws:acm:us-east-1:444001402733:certificate/99924d64-7f6d-49dd-b99e-29922753a261",
            "options": [
              {
                "certificate_transparency_logging_preference": "ENABLED"
              }
            ],
            "private_key": null,
            "status": "ISSUED",
            "subject_alternative_names": [
              "*.mxro.de"
            ],
            "tags": {
              "Changed": "2022-08-20 00:25 UTC",
              "ManagedBy": "terraform"
            },
            "validation_emails": [],
            "validation_method": "DNS"
          },
          "private": "bnVsbA=="
        }
      ]
    },
    {
      "mode": "managed",
      "type": "aws_acm_certificate_validation",
      "name": "wildcard_cert",
      "provider": "provider.aws.us-east-1",
      "instances": [
        {
          "schema_version": 0,
          "attributes": {
            "certificate_arn": "arn:aws:acm:us-east-1:444001402733:certificate/99924d64-7f6d-49dd-b99e-29922753a261",
            "id": "2022-08-20 00:24:33 +0000 UTC",
            "timeouts": null,
            "validation_record_fqdns": [
              "_9e7e84adfcec65a3ef5a1a8fa0c40ca6.mxro.de"
            ]
          },
          "private": "eyJlMmJmYjczMC1lY2FhLTExZTYtOGY4OC0zNDM2M2JjN2M0YzAiOnsiY3JlYXRlIjoyNzAwMDAwMDAwMDAwfX0=",
          "dependencies": [
            "aws_acm_certificate.wildcard_website",
            "aws_route53_record.wildcard_validation"
          ]
        }
      ]
    },
    {
      "mode": "managed",
      "type": "aws_cloudfront_distribution",
      "name": "website_cdn_redirect",
      "provider": "provider.aws.us-east-1",
      "instances": [
        {
          "schema_version": 1,
          "attributes": {
            "active_trusted_signers": {
              "enabled": "false",
              "items.#": "0"
            },
            "aliases": [
              "www.mxro.de"
            ],
            "arn": "arn:aws:cloudfront::444001402733:distribution/E2PTXJVIL6DM1B",
            "cache_behavior": [],
            "caller_reference": "terraform-20220820012933348700000001",
            "comment": null,
            "custom_error_response": [],
            "default_cache_behavior": [
              {
                "allowed_methods": [
                  "DELETE",
                  "GET",
                  "HEAD",
                  "OPTIONS",
                  "PATCH",
                  "POST",
                  "PUT"
                ],
                "cached_methods": [
                  "GET",
                  "HEAD"
                ],
                "compress": true,
                "default_ttl": 10,
                "field_level_encryption_id": "",
                "forwarded_values": [
                  {
                    "cookies": [
                      {
                        "forward": "none",
                        "whitelisted_names": []
                      }
                    ],
                    "headers": [],
                    "query_string": false,
                    "query_string_cache_keys": []
                  }
                ],
                "lambda_function_association": [],
                "max_ttl": 1200,
                "min_ttl": 0,
                "smooth_streaming": false,
                "target_origin_id": "origin-bucket-mxro.de-redirect",
                "trusted_signers": [],
                "viewer_protocol_policy": "redirect-to-https"
              }
            ],
            "default_root_object": "",
            "domain_name": "dk391asgexyjy.cloudfront.net",
            "enabled": true,
            "etag": "E38ND0GUHE9CYD",
            "hosted_zone_id": "Z2FDTNDATAQYW2",
            "http_version": "http2",
            "id": "E2PTXJVIL6DM1B",
            "in_progress_validation_batches": 0,
            "is_ipv6_enabled": false,
            "last_modified_time": "2022-08-20 01:28:11.882 +0000 UTC",
            "logging_config": [],
            "ordered_cache_behavior": [],
            "origin": [
              {
                "custom_header": [],
                "custom_origin_config": [
                  {
                    "http_port": 80,
                    "https_port": 443,
                    "origin_keepalive_timeout": 5,
                    "origin_protocol_policy": "http-only",
                    "origin_read_timeout": 30,
                    "origin_ssl_protocols": [
                      "TLSv1.2"
                    ]
                  }
                ],
                "domain_name": "mxro.de-redirect.s3-website-us-west-2.amazonaws.com",
                "origin_id": "origin-bucket-mxro.de-redirect",
                "origin_path": "",
                "s3_origin_config": []
              }
            ],
            "origin_group": [],
            "price_class": "PriceClass_All",
            "restrictions": [
              {
                "geo_restriction": [
                  {
                    "locations": [],
                    "restriction_type": "none"
                  }
                ]
              }
            ],
            "retain_on_delete": false,
            "status": "Deployed",
            "tags": {
              "Changed": "2022-08-20 01:29 UTC",
              "ManagedBy": "terraform"
            },
            "viewer_certificate": [
              {
                "acm_certificate_arn": "arn:aws:acm:us-east-1:444001402733:certificate/4af79b2b-134e-4ecc-942d-6f0120dd4578",
                "cloudfront_default_certificate": false,
                "iam_certificate_id": "",
                "minimum_protocol_version": "TLSv1",
                "ssl_support_method": "sni-only"
              }
            ],
            "wait_for_deployment": true,
            "web_acl_id": ""
          },
          "private": "eyJzY2hlbWFfdmVyc2lvbiI6IjEifQ==",
          "dependencies": [
            "aws_acm_certificate.wildcard_website",
            "aws_acm_certificate_validation.wildcard_cert",
            "aws_route53_record.wildcard_validation",
            "aws_s3_bucket.website_redirect"
          ]
        }
      ]
    },
    {
      "mode": "managed",
      "type": "aws_cloudfront_distribution",
      "name": "website_cdn_root",
      "provider": "provider.aws.us-east-1",
      "instances": [
        {
          "schema_version": 1,
          "attributes": {
            "active_trusted_signers": {
              "enabled": "false",
              "items.#": "0"
            },
            "aliases": [
              "mxro.de"
            ],
            "arn": "arn:aws:cloudfront::444001402733:distribution/EN5ECGYX8AHUN",
            "cache_behavior": [],
            "caller_reference": "terraform-20220820020506311500000001",
            "comment": null,
            "custom_error_response": [
              {
                "error_caching_min_ttl": 60,
                "error_code": 404,
                "response_code": 404,
                "response_page_path": "/404.html"
              }
            ],
            "default_cache_behavior": [
              {
                "allowed_methods": [
                  "GET",
                  "HEAD",
                  "OPTIONS"
                ],
                "cached_methods": [
                  "GET",
                  "HEAD"
                ],
                "compress": true,
                "default_ttl": 10,
                "field_level_encryption_id": "",
                "forwarded_values": [
                  {
                    "cookies": [
                      {
                        "forward": "none",
                        "whitelisted_names": null
                      }
                    ],
                    "headers": null,
                    "query_string": false,
                    "query_string_cache_keys": null
                  }
                ],
                "lambda_function_association": [
                  {
                    "event_type": "origin-request",
                    "include_body": false,
                    "lambda_arn": "arn:aws:lambda:us-east-1:444001402733:function:mxro-de-edge-new:1"
                  }
                ],
                "max_ttl": 1200,
                "min_ttl": 0,
                "smooth_streaming": false,
                "target_origin_id": "origin-bucket-mxro.de-root",
                "trusted_signers": null,
                "viewer_protocol_policy": "redirect-to-https"
              }
            ],
            "default_root_object": "index.html",
            "domain_name": "dm0bch853zpj1.cloudfront.net",
            "enabled": true,
            "etag": "E4BAJ2JDWTRCJ",
            "hosted_zone_id": "Z2FDTNDATAQYW2",
            "http_version": "http2",
            "id": "EN5ECGYX8AHUN",
            "in_progress_validation_batches": 0,
            "is_ipv6_enabled": false,
            "last_modified_time": "2022-08-20 02:03:45.266 +0000 UTC",
            "logging_config": [],
            "ordered_cache_behavior": [
              {
                "allowed_methods": [
                  "GET",
                  "HEAD",
                  "OPTIONS"
                ],
                "cached_methods": [
                  "GET",
                  "HEAD",
                  "OPTIONS"
                ],
                "compress": true,
                "default_ttl": 86400,
                "field_level_encryption_id": "",
                "forwarded_values": [
                  {
                    "cookies": [
                      {
                        "forward": "none",
                        "whitelisted_names": null
                      }
                    ],
                    "headers": [
                      "Origin"
                    ],
                    "query_string": false,
                    "query_string_cache_keys": null
                  }
                ],
                "lambda_function_association": [],
                "max_ttl": 31536000,
                "min_ttl": 0,
                "path_pattern": "_next/static/*",
                "smooth_streaming": false,
                "target_origin_id": "origin-bucket-mxro.de-root",
                "trusted_signers": null,
                "viewer_protocol_policy": "redirect-to-https"
              },
              {
                "allowed_methods": [
                  "GET",
                  "HEAD",
                  "OPTIONS"
                ],
                "cached_methods": [
                  "GET",
                  "HEAD",
                  "OPTIONS"
                ],
                "compress": true,
                "default_ttl": 10,
                "field_level_encryption_id": "",
                "forwarded_values": [
                  {
                    "cookies": [
                      {
                        "forward": "none",
                        "whitelisted_names": null
                      }
                    ],
                    "headers": [
                      "Origin"
                    ],
                    "query_string": false,
                    "query_string_cache_keys": null
                  }
                ],
                "lambda_function_association": [],
                "max_ttl": 1200,
                "min_ttl": 0,
                "path_pattern": "index.html",
                "smooth_streaming": false,
                "target_origin_id": "origin-bucket-mxro.de-root",
                "trusted_signers": null,
                "viewer_protocol_policy": "redirect-to-https"
              }
            ],
            "origin": [
              {
                "custom_header": [],
                "custom_origin_config": [
                  {
                    "http_port": 80,
                    "https_port": 443,
                    "origin_keepalive_timeout": 5,
                    "origin_protocol_policy": "http-only",
                    "origin_read_timeout": 30,
                    "origin_ssl_protocols": [
                      "TLSv1.2"
                    ]
                  }
                ],
                "domain_name": "mxro.de-root.s3-website-us-west-2.amazonaws.com",
                "origin_id": "origin-bucket-mxro.de-root",
                "origin_path": "",
                "s3_origin_config": []
              }
            ],
            "origin_group": [],
            "price_class": "PriceClass_All",
            "restrictions": [
              {
                "geo_restriction": [
                  {
                    "locations": null,
                    "restriction_type": "none"
                  }
                ]
              }
            ],
            "retain_on_delete": false,
            "status": "Deployed",
            "tags": {
              "Changed": "2022-08-20 02:05 UTC",
              "ManagedBy": "terraform"
            },
            "viewer_certificate": [
              {
                "acm_certificate_arn": "arn:aws:acm:us-east-1:444001402733:certificate/4af79b2b-134e-4ecc-942d-6f0120dd4578",
                "cloudfront_default_certificate": false,
                "iam_certificate_id": "",
                "minimum_protocol_version": "TLSv1",
                "ssl_support_method": "sni-only"
              }
            ],
            "wait_for_deployment": true,
            "web_acl_id": ""
          },
          "private": "eyJzY2hlbWFfdmVyc2lvbiI6IjEifQ==",
          "dependencies": [
            "aws_acm_certificate.wildcard_website",
            "aws_acm_certificate_validation.wildcard_cert",
            "aws_iam_role.lambda_exec",
            "aws_lambda_function.edge",
            "aws_route53_record.wildcard_validation",
            "aws_s3_bucket.website_root"
          ]
        }
      ]
    },
    {
      "mode": "managed",
      "type": "aws_iam_policy",
      "name": "lambda_logging",
      "provider": "provider.aws",
      "instances": [
        {
          "schema_version": 0,
          "attributes": {
            "arn": "arn:aws:iam::444001402733:policy/mxro.de-edge-lambda-logging-role-new",
            "description": "IAM policy for logging from a lambda",
            "id": "arn:aws:iam::444001402733:policy/mxro.de-edge-lambda-logging-role-new",
            "name": "mxro.de-edge-lambda-logging-role-new",
            "name_prefix": null,
            "path": "/",
            "policy": "{\n  \"Version\": \"2012-10-17\",\n  \"Statement\": [\n    {\n      \"Action\": [\n        \"logs:CreateLogGroup\",\n        \"logs:CreateLogStream\",\n        \"logs:PutLogEvents\"\n      ],\n      \"Resource\": \"arn:aws:logs:*:*:*\",\n      \"Effect\": \"Allow\"\n    }\n  ]\n}\n"
          },
          "private": "bnVsbA=="
        }
      ]
    },
    {
      "mode": "managed",
      "type": "aws_iam_role",
      "name": "lambda_exec",
      "provider": "provider.aws",
      "instances": [
        {
          "schema_version": 0,
          "attributes": {
            "arn": "arn:aws:iam::444001402733:role/mxro.de-edge-new",
            "assume_role_policy": "{\"Version\":\"2012-10-17\",\"Statement\":[{\"Sid\":\"\",\"Effect\":\"Allow\",\"Principal\":{\"Service\":[\"edgelambda.amazonaws.com\",\"lambda.amazonaws.com\"]},\"Action\":\"sts:AssumeRole\"}]}",
            "create_date": "2022-08-20T01:47:10Z",
            "description": "",
            "force_detach_policies": false,
            "id": "mxro.de-edge-new",
            "max_session_duration": 3600,
            "name": "mxro.de-edge-new",
            "name_prefix": null,
            "path": "/",
            "permissions_boundary": null,
            "tags": {},
            "unique_id": "AROAWOYELX5WRMUMJ62EU"
          },
          "private": "bnVsbA=="
        }
      ]
    },
    {
      "mode": "managed",
      "type": "aws_iam_role_policy_attachment",
      "name": "edge_lambda_logs",
      "provider": "provider.aws",
      "instances": [
        {
          "schema_version": 0,
          "attributes": {
            "id": "mxro.de-edge-new-20220820014838294400000001",
            "policy_arn": "arn:aws:iam::444001402733:policy/mxro.de-edge-lambda-logging-role-new",
            "role": "mxro.de-edge-new"
          },
          "private": "bnVsbA==",
          "dependencies": [
            "aws_iam_policy.lambda_logging",
            "aws_iam_role.lambda_exec"
          ]
        }
      ]
    },
    {
      "mode": "managed",
      "type": "aws_lambda_function",
      "name": "edge",
      "provider": "provider.aws.us-east-1",
      "instances": [
        {
          "schema_version": 0,
          "attributes": {
            "arn": "arn:aws:lambda:us-east-1:444001402733:function:mxro-de-edge-new",
            "dead_letter_config": [],
            "description": "Edge Lambda for CloudFront Routing",
            "environment": [],
            "filename": "./empty_lambda.zip",
            "function_name": "mxro-de-edge-new",
            "handler": "lambda.handler",
            "id": "mxro-de-edge-new",
            "invoke_arn": "arn:aws:apigateway:us-east-1:lambda:path/2015-03-31/functions/arn:aws:lambda:us-east-1:444001402733:function:mxro-de-edge-new/invocations",
            "kms_key_arn": "",
            "last_modified": "2022-08-20T02:03:33.780+0000",
            "layers": null,
            "memory_size": 512,
            "publish": true,
            "qualified_arn": "arn:aws:lambda:us-east-1:444001402733:function:mxro-de-edge-new:1",
            "reserved_concurrent_executions": -1,
            "role": "arn:aws:iam::444001402733:role/mxro.de-edge-new",
            "runtime": "nodejs12.x",
            "s3_bucket": null,
            "s3_key": null,
            "s3_object_version": null,
            "source_code_hash": "Xz3EPgpdLuicCyodq3A/25FGWqOOTHJ89d52YJEHLXk=",
            "source_code_size": 171,
            "tags": null,
            "timeout": 30,
            "timeouts": null,
            "tracing_config": [
              {
                "mode": "PassThrough"
              }
            ],
            "version": "1",
            "vpc_config": []
          },
          "private": "eyJlMmJmYjczMC1lY2FhLTExZTYtOGY4OC0zNDM2M2JjN2M0YzAiOnsiY3JlYXRlIjo2MDAwMDAwMDAwMDB9fQ==",
          "dependencies": [
            "aws_iam_role.lambda_exec"
          ]
        }
      ]
    },
    {
      "mode": "managed",
      "type": "aws_route53_record",
      "name": "website_cdn_redirect_record",
      "provider": "provider.aws",
      "instances": [
        {
          "schema_version": 2,
          "attributes": {
            "alias": [
              {
                "evaluate_target_health": false,
                "name": "dk391asgexyjy.cloudfront.net",
                "zone_id": "Z2FDTNDATAQYW2"
              }
            ],
            "allow_overwrite": null,
            "failover_routing_policy": [],
            "fqdn": "www.mxro.de",
            "geolocation_routing_policy": [],
            "health_check_id": "",
            "id": "Z03397492F5GVX4K2L6I8_www.mxro.de_A",
            "latency_routing_policy": [],
            "multivalue_answer_routing_policy": null,
            "name": "www.mxro.de",
            "records": [],
            "set_identifier": "",
            "ttl": 0,
            "type": "A",
            "weighted_routing_policy": [],
            "zone_id": "Z03397492F5GVX4K2L6I8"
          },
          "private": "eyJzY2hlbWFfdmVyc2lvbiI6IjIifQ==",
          "dependencies": [
            "aws_acm_certificate.wildcard_website",
            "aws_acm_certificate_validation.wildcard_cert",
            "aws_cloudfront_distribution.website_cdn_redirect",
            "aws_route53_record.wildcard_validation",
            "aws_s3_bucket.website_redirect"
          ]
        }
      ]
    },
    {
      "mode": "managed",
      "type": "aws_route53_record",
      "name": "website_cdn_root_record",
      "provider": "provider.aws",
      "instances": [
        {
          "schema_version": 2,
          "attributes": {
            "alias": [
              {
                "evaluate_target_health": false,
                "name": "dm0bch853zpj1.cloudfront.net",
                "zone_id": "Z2FDTNDATAQYW2"
              }
            ],
            "allow_overwrite": null,
            "failover_routing_policy": [],
            "fqdn": "mxro.de",
            "geolocation_routing_policy": [],
            "health_check_id": null,
            "id": "Z03397492F5GVX4K2L6I8_mxro.de_A",
            "latency_routing_policy": [],
            "multivalue_answer_routing_policy": null,
            "name": "mxro.de",
            "records": null,
            "set_identifier": null,
            "ttl": null,
            "type": "A",
            "weighted_routing_policy": [],
            "zone_id": "Z03397492F5GVX4K2L6I8"
          },
          "private": "eyJzY2hlbWFfdmVyc2lvbiI6IjIifQ==",
          "dependencies": [
            "aws_acm_certificate.wildcard_website",
            "aws_acm_certificate_validation.wildcard_cert",
            "aws_cloudfront_distribution.website_cdn_root",
            "aws_iam_role.lambda_exec",
            "aws_lambda_function.edge",
            "aws_route53_record.wildcard_validation",
            "aws_s3_bucket.website_root"
          ]
        }
      ]
    },
    {
      "mode": "managed",
      "type": "aws_route53_record",
      "name": "wildcard_validation",
      "provider": "provider.aws",
      "instances": [
        {
          "schema_version": 2,
          "attributes": {
            "alias": [],
            "allow_overwrite": null,
            "failover_routing_policy": [],
            "fqdn": "_9e7e84adfcec65a3ef5a1a8fa0c40ca6.mxro.de",
            "geolocation_routing_policy": [],
            "health_check_id": "",
            "id": "Z03397492F5GVX4K2L6I8__9e7e84adfcec65a3ef5a1a8fa0c40ca6.mxro.de._CNAME",
            "latency_routing_policy": [],
            "multivalue_answer_routing_policy": null,
            "name": "_9e7e84adfcec65a3ef5a1a8fa0c40ca6.mxro.de",
            "records": [
              "_f10e4bf0836e9eca073f7f977b8e4df4.xgxxrgwpcb.acm-validations.aws."
            ],
            "set_identifier": "",
            "ttl": 60,
            "type": "CNAME",
            "weighted_routing_policy": [],
            "zone_id": "Z03397492F5GVX4K2L6I8"
          },
          "private": "eyJzY2hlbWFfdmVyc2lvbiI6IjIifQ==",
          "dependencies": [
            "aws_acm_certificate.wildcard_website"
          ]
        }
      ]
    },
    {
      "mode": "managed",
      "type": "aws_s3_bucket",
      "name": "website_redirect",
      "provider": "provider.aws",
      "instances": [
        {
          "schema_version": 0,
          "attributes": {
            "acceleration_status": "",
            "acl": "public-read",
            "arn": "arn:aws:s3:::mxro.de-redirect",
            "bucket": "mxro.de-redirect",
            "bucket_domain_name": "mxro.de-redirect.s3.amazonaws.com",
            "bucket_prefix": null,
            "bucket_regional_domain_name": "mxro.de-redirect.s3.us-west-2.amazonaws.com",
            "cors_rule": [],
            "force_destroy": true,
            "grant": [],
            "hosted_zone_id": "Z3BJ6K6RIION7M",
            "id": "mxro.de-redirect",
            "lifecycle_rule": [],
            "logging": [],
            "object_lock_configuration": [],
            "policy": "{\"Statement\":[{\"Action\":\"s3:GetObject\",\"Effect\":\"Allow\",\"Principal\":{\"AWS\":\"*\"},\"Resource\":\"arn:aws:s3:::mxro.de-redirect/*\",\"Sid\":\"PublicReadForGetBucketObjects\"}],\"Version\":\"2008-10-17\"}",
            "region": "us-west-2",
            "replication_configuration": [],
            "request_payer": "BucketOwner",
            "server_side_encryption_configuration": [],
            "tags": {
              "Changed": "2022-08-20 01:11 UTC",
              "ManagedBy": "terraform"
            },
            "versioning": [
              {
                "enabled": false,
                "mfa_delete": false
              }
            ],
            "website": [
              {
                "error_document": "",
                "index_document": "",
                "redirect_all_requests_to": "https://mxro.de",
                "routing_rules": ""
              }
            ],
            "website_domain": "s3-website-us-west-2.amazonaws.com",
            "website_endpoint": "mxro.de-redirect.s3-website-us-west-2.amazonaws.com"
          },
          "private": "bnVsbA=="
        }
      ]
    },
    {
      "mode": "managed",
      "type": "aws_s3_bucket",
      "name": "website_root",
      "provider": "provider.aws",
      "instances": [
        {
          "schema_version": 0,
          "attributes": {
            "acceleration_status": "",
            "acl": "public-read",
            "arn": "arn:aws:s3:::mxro.de-root",
            "bucket": "mxro.de-root",
            "bucket_domain_name": "mxro.de-root.s3.amazonaws.com",
            "bucket_prefix": null,
            "bucket_regional_domain_name": "mxro.de-root.s3.us-west-2.amazonaws.com",
            "cors_rule": [],
            "force_destroy": true,
            "grant": [],
            "hosted_zone_id": "Z3BJ6K6RIION7M",
            "id": "mxro.de-root",
            "lifecycle_rule": [],
            "logging": [],
            "object_lock_configuration": [],
            "policy": "{\"Statement\":[{\"Action\":\"s3:GetObject\",\"Effect\":\"Allow\",\"Principal\":{\"AWS\":\"*\"},\"Resource\":\"arn:aws:s3:::mxro.de-root/*\",\"Sid\":\"PublicReadForGetBucketObjects\"}],\"Version\":\"2008-10-17\"}",
            "region": "us-west-2",
            "replication_configuration": [],
            "request_payer": "BucketOwner",
            "server_side_encryption_configuration": [],
            "tags": {
              "Changed": "2022-08-20 01:11 UTC",
              "ManagedBy": "terraform"
            },
            "versioning": [
              {
                "enabled": false,
                "mfa_delete": false
              }
            ],
            "website": [
              {
                "error_document": "404.html",
                "index_document": "index.html",
                "redirect_all_requests_to": "",
                "routing_rules": ""
              }
            ],
            "website_domain": "s3-website-us-west-2.amazonaws.com",
            "website_endpoint": "mxro.de-root.s3-website-us-west-2.amazonaws.com"
          },
          "private": "bnVsbA=="
        }
      ]
    },
    {
      "mode": "managed",
      "type": "aws_s3_bucket_object",
      "name": "redirect_file",
      "provider": "provider.aws",
      "instances": [
        {
          "schema_version": 0,
          "attributes": {
            "acl": "private",
            "bucket": "mxro.de-redirect",
            "cache_control": "",
            "content": "Redirect placeholder.",
            "content_base64": null,
            "content_disposition": "",
            "content_encoding": "",
            "content_language": "",
            "content_type": "text/html",
            "etag": "038a9257fcf96796a469d16150a700a6",
            "force_destroy": true,
            "id": "index.html",
            "key": "index.html",
            "kms_key_id": null,
            "metadata": {},
            "object_lock_legal_hold_status": "",
            "object_lock_mode": "",
            "object_lock_retain_until_date": "",
            "server_side_encryption": "",
            "source": null,
            "storage_class": "STANDARD",
            "tags": {},
            "version_id": "",
            "website_redirect": "https://mxro.de/"
          },
          "private": "bnVsbA==",
          "dependencies": [
            "aws_s3_bucket.website_redirect"
          ]
        }
      ]
    }
  ]
}
